// !$*UTF8*$!
{
	archiveVersion = 1;
	classes = {
	};
	objectVersion = 46;
	objects = {

/* Begin PBXBuildFile section */
		019E93692A4FE2771C4B4616 /* libPods-HJDanmakuDemo.a in Frameworks */ = {isa = PBXBuildFile; fileRef = CB5156C33FAEF90500BEB763 /* libPods-HJDanmakuDemo.a */; };
		A0008CA81AB19AFC009550D7 /* main.m in Sources */ = {isa = PBXBuildFile; fileRef = A0008CA71AB19AFC009550D7 /* main.m */; };
		A0008CAB1AB19AFC009550D7 /* AppDelegate.m in Sources */ = {isa = PBXBuildFile; fileRef = A0008CAA1AB19AFC009550D7 /* AppDelegate.m */; };
		A0008CB31AB19AFC009550D7 /* Images.xcassets in Resources */ = {isa = PBXBuildFile; fileRef = A0008CB21AB19AFC009550D7 /* Images.xcassets */; };
		A0008CB61AB19AFC009550D7 /* LaunchScreen.xib in Resources */ = {isa = PBXBuildFile; fileRef = A0008CB41AB19AFC009550D7 /* LaunchScreen.xib */; };
		A0008CDD1AB19E38009550D7 /* danmakufile in Resources */ = {isa = PBXBuildFile; fileRef = A0008CDC1AB19E38009550D7 /* danmakufile */; };
		A021F7CF1F18C0C300448501 /* VideoDemoViewController.m in Sources */ = {isa = PBXBuildFile; fileRef = A021F7CE1F18C0C300448501 /* VideoDemoViewController.m */; };
		A021F7D51F18C29300448501 /* MenuTableViewController.m in Sources */ = {isa = PBXBuildFile; fileRef = A021F7D41F18C29300448501 /* MenuTableViewController.m */; };
		A021F7D81F18C48200448501 /* LiveDemoViewController.m in Sources */ = {isa = PBXBuildFile; fileRef = A021F7D71F18C48200448501 /* LiveDemoViewController.m */; };
		A036E6C31F1F7FEE00010FFD /* LiveDemoViewController.xib in Resources */ = {isa = PBXBuildFile; fileRef = A036E6C21F1F7FED00010FFD /* LiveDemoViewController.xib */; };
		A08143711F18C6400088BD95 /* DemoDanmakuModel.m in Sources */ = {isa = PBXBuildFile; fileRef = A08143701F18C6400088BD95 /* DemoDanmakuModel.m */; };
		A08143741F18C9C40088BD95 /* DemoDanmakuCell.m in Sources */ = {isa = PBXBuildFile; fileRef = A08143731F18C9C40088BD95 /* DemoDanmakuCell.m */; };
		A0D1A6AA1F260B7100B39F2E /* DanmakuBaseModel.m in Sources */ = {isa = PBXBuildFile; fileRef = A0D1A69D1F260B7100B39F2E /* DanmakuBaseModel.m */; };
		A0D1A6AB1F260B7100B39F2E /* DanmakuFactory.m in Sources */ = {isa = PBXBuildFile; fileRef = A0D1A69F1F260B7100B39F2E /* DanmakuFactory.m */; };
		A0D1A6AC1F260B7100B39F2E /* DanmakuFilter.m in Sources */ = {isa = PBXBuildFile; fileRef = A0D1A6A11F260B7100B39F2E /* DanmakuFilter.m */; };
		A0D1A6AD1F260B7100B39F2E /* DanmakuRenderer.m in Sources */ = {isa = PBXBuildFile; fileRef = A0D1A6A31F260B7100B39F2E /* DanmakuRenderer.m */; };
		A0D1A6AE1F260B7100B39F2E /* DanmakuRetainer.m in Sources */ = {isa = PBXBuildFile; fileRef = A0D1A6A51F260B7100B39F2E /* DanmakuRetainer.m */; };
		A0D1A6AF1F260B7100B39F2E /* DanmakuTime.m in Sources */ = {isa = PBXBuildFile; fileRef = A0D1A6A71F260B7100B39F2E /* DanmakuTime.m */; };
		A0D1A6B01F260B7100B39F2E /* DanmakuView.m in Sources */ = {isa = PBXBuildFile; fileRef = A0D1A6A91F260B7100B39F2E /* DanmakuView.m */; };
		A0D1A6B71F26280000B39F2E /* VideoDemoViewController.xib in Resources */ = {isa = PBXBuildFile; fileRef = A0D1A6B61F26280000B39F2E /* VideoDemoViewController.xib */; };
		A0F0D8601F21A92B0091031A /* FirstVersionViewController.m in Sources */ = {isa = PBXBuildFile; fileRef = A0F0D85E1F21A92B0091031A /* FirstVersionViewController.m */; };
		A0F0D8611F21A92B0091031A /* FirstVersionViewController.xib in Resources */ = {isa = PBXBuildFile; fileRef = A0F0D85F1F21A92B0091031A /* FirstVersionViewController.xib */; };
/* End PBXBuildFile section */

/* Begin PBXFileReference section */
		98B0E2E9F0CB5A3A37788DB8 /* Pods-HJDanmakuDemo.release.xcconfig */ = {isa = PBXFileReference; includeInIndex = 1; lastKnownFileType = text.xcconfig; name = "Pods-HJDanmakuDemo.release.xcconfig"; path = "Pods/Target Support Files/Pods-HJDanmakuDemo/Pods-HJDanmakuDemo.release.xcconfig"; sourceTree = "<group>"; };
		A0008CA21AB19AFC009550D7 /* HJDanmakuDemo.app */ = {isa = PBXFileReference; explicitFileType = wrapper.application; includeInIndex = 0; path = HJDanmakuDemo.app; sourceTree = BUILT_PRODUCTS_DIR; };
		A0008CA61AB19AFC009550D7 /* Info.plist */ = {isa = PBXFileReference; lastKnownFileType = text.plist.xml; path = Info.plist; sourceTree = "<group>"; };
		A0008CA71AB19AFC009550D7 /* main.m */ = {isa = PBXFileReference; lastKnownFileType = sourcecode.c.objc; path = main.m; sourceTree = "<group>"; };
		A0008CA91AB19AFC009550D7 /* AppDelegate.h */ = {isa = PBXFileReference; lastKnownFileType = sourcecode.c.h; path = AppDelegate.h; sourceTree = "<group>"; };
		A0008CAA1AB19AFC009550D7 /* AppDelegate.m */ = {isa = PBXFileReference; lastKnownFileType = sourcecode.c.objc; path = AppDelegate.m; sourceTree = "<group>"; };
		A0008CB21AB19AFC009550D7 /* Images.xcassets */ = {isa = PBXFileReference; lastKnownFileType = folder.assetcatalog; path = Images.xcassets; sourceTree = "<group>"; };
		A0008CB51AB19AFC009550D7 /* Base */ = {isa = PBXFileReference; lastKnownFileType = file.xib; name = Base; path = Base.lproj/LaunchScreen.xib; sourceTree = "<group>"; };
		A0008CDC1AB19E38009550D7 /* danmakufile */ = {isa = PBXFileReference; fileEncoding = 4; lastKnownFileType = text.xml; path = danmakufile; sourceTree = SOURCE_ROOT; };
		A021F7CD1F18C0C300448501 /* VideoDemoViewController.h */ = {isa = PBXFileReference; fileEncoding = 4; lastKnownFileType = sourcecode.c.h; path = VideoDemoViewController.h; sourceTree = "<group>"; };
		A021F7CE1F18C0C300448501 /* VideoDemoViewController.m */ = {isa = PBXFileReference; fileEncoding = 4; lastKnownFileType = sourcecode.c.objc; path = VideoDemoViewController.m; sourceTree = "<group>"; };
		A021F7D31F18C29300448501 /* MenuTableViewController.h */ = {isa = PBXFileReference; fileEncoding = 4; lastKnownFileType = sourcecode.c.h; path = MenuTableViewController.h; sourceTree = "<group>"; };
		A021F7D41F18C29300448501 /* MenuTableViewController.m */ = {isa = PBXFileReference; fileEncoding = 4; lastKnownFileType = sourcecode.c.objc; path = MenuTableViewController.m; sourceTree = "<group>"; };
		A021F7D61F18C48200448501 /* LiveDemoViewController.h */ = {isa = PBXFileReference; fileEncoding = 4; lastKnownFileType = sourcecode.c.h; path = LiveDemoViewController.h; sourceTree = "<group>"; };
		A021F7D71F18C48200448501 /* LiveDemoViewController.m */ = {isa = PBXFileReference; fileEncoding = 4; lastKnownFileType = sourcecode.c.objc; path = LiveDemoViewController.m; sourceTree = "<group>"; };
		A03532A61F0E1EC4006C1B61 /* UIKit.framework */ = {isa = PBXFileReference; lastKnownFileType = wrapper.framework; name = UIKit.framework; path = System/Library/Frameworks/UIKit.framework; sourceTree = SDKROOT; };
		A036E6C21F1F7FED00010FFD /* LiveDemoViewController.xib */ = {isa = PBXFileReference; fileEncoding = 4; lastKnownFileType = file.xib; path = LiveDemoViewController.xib; sourceTree = "<group>"; };
		A081436F1F18C6400088BD95 /* DemoDanmakuModel.h */ = {isa = PBXFileReference; fileEncoding = 4; lastKnownFileType = sourcecode.c.h; path = DemoDanmakuModel.h; sourceTree = "<group>"; };
		A08143701F18C6400088BD95 /* DemoDanmakuModel.m */ = {isa = PBXFileReference; fileEncoding = 4; lastKnownFileType = sourcecode.c.objc; path = DemoDanmakuModel.m; sourceTree = "<group>"; };
		A08143721F18C9C40088BD95 /* DemoDanmakuCell.h */ = {isa = PBXFileReference; fileEncoding = 4; lastKnownFileType = sourcecode.c.h; path = DemoDanmakuCell.h; sourceTree = "<group>"; };
		A08143731F18C9C40088BD95 /* DemoDanmakuCell.m */ = {isa = PBXFileReference; fileEncoding = 4; lastKnownFileType = sourcecode.c.objc; path = DemoDanmakuCell.m; sourceTree = "<group>"; };
		A0D1A69C1F260B7100B39F2E /* DanmakuBaseModel.h */ = {isa = PBXFileReference; fileEncoding = 4; lastKnownFileType = sourcecode.c.h; path = DanmakuBaseModel.h; sourceTree = "<group>"; };
		A0D1A69D1F260B7100B39F2E /* DanmakuBaseModel.m */ = {isa = PBXFileReference; fileEncoding = 4; lastKnownFileType = sourcecode.c.objc; path = DanmakuBaseModel.m; sourceTree = "<group>"; };
		A0D1A69E1F260B7100B39F2E /* DanmakuFactory.h */ = {isa = PBXFileReference; fileEncoding = 4; lastKnownFileType = sourcecode.c.h; path = DanmakuFactory.h; sourceTree = "<group>"; };
		A0D1A69F1F260B7100B39F2E /* DanmakuFactory.m */ = {isa = PBXFileReference; fileEncoding = 4; lastKnownFileType = sourcecode.c.objc; path = DanmakuFactory.m; sourceTree = "<group>"; };
		A0D1A6A01F260B7100B39F2E /* DanmakuFilter.h */ = {isa = PBXFileReference; fileEncoding = 4; lastKnownFileType = sourcecode.c.h; path = DanmakuFilter.h; sourceTree = "<group>"; };
		A0D1A6A11F260B7100B39F2E /* DanmakuFilter.m */ = {isa = PBXFileReference; fileEncoding = 4; lastKnownFileType = sourcecode.c.objc; path = DanmakuFilter.m; sourceTree = "<group>"; };
		A0D1A6A21F260B7100B39F2E /* DanmakuRenderer.h */ = {isa = PBXFileReference; fileEncoding = 4; lastKnownFileType = sourcecode.c.h; path = DanmakuRenderer.h; sourceTree = "<group>"; };
		A0D1A6A31F260B7100B39F2E /* DanmakuRenderer.m */ = {isa = PBXFileReference; fileEncoding = 4; lastKnownFileType = sourcecode.c.objc; path = DanmakuRenderer.m; sourceTree = "<group>"; };
		A0D1A6A41F260B7100B39F2E /* DanmakuRetainer.h */ = {isa = PBXFileReference; fileEncoding = 4; lastKnownFileType = sourcecode.c.h; path = DanmakuRetainer.h; sourceTree = "<group>"; };
		A0D1A6A51F260B7100B39F2E /* DanmakuRetainer.m */ = {isa = PBXFileReference; fileEncoding = 4; lastKnownFileType = sourcecode.c.objc; path = DanmakuRetainer.m; sourceTree = "<group>"; };
		A0D1A6A61F260B7100B39F2E /* DanmakuTime.h */ = {isa = PBXFileReference; fileEncoding = 4; lastKnownFileType = sourcecode.c.h; path = DanmakuTime.h; sourceTree = "<group>"; };
		A0D1A6A71F260B7100B39F2E /* DanmakuTime.m */ = {isa = PBXFileReference; fileEncoding = 4; lastKnownFileType = sourcecode.c.objc; path = DanmakuTime.m; sourceTree = "<group>"; };
		A0D1A6A81F260B7100B39F2E /* DanmakuView.h */ = {isa = PBXFileReference; fileEncoding = 4; lastKnownFileType = sourcecode.c.h; path = DanmakuView.h; sourceTree = "<group>"; };
		A0D1A6A91F260B7100B39F2E /* DanmakuView.m */ = {isa = PBXFileReference; fileEncoding = 4; lastKnownFileType = sourcecode.c.objc; path = DanmakuView.m; sourceTree = "<group>"; };
		A0D1A6B61F26280000B39F2E /* VideoDemoViewController.xib */ = {isa = PBXFileReference; fileEncoding = 4; lastKnownFileType = file.xib; path = VideoDemoViewController.xib; sourceTree = "<group>"; };
		A0F0D85D1F21A92B0091031A /* FirstVersionViewController.h */ = {isa = PBXFileReference; fileEncoding = 4; lastKnownFileType = sourcecode.c.h; path = FirstVersionViewController.h; sourceTree = "<group>"; };
		A0F0D85E1F21A92B0091031A /* FirstVersionViewController.m */ = {isa = PBXFileReference; fileEncoding = 4; lastKnownFileType = sourcecode.c.objc; path = FirstVersionViewController.m; sourceTree = "<group>"; };
		A0F0D85F1F21A92B0091031A /* FirstVersionViewController.xib */ = {isa = PBXFileReference; fileEncoding = 4; lastKnownFileType = file.xib; path = FirstVersionViewController.xib; sourceTree = "<group>"; };
		A3076196508C4ABC78FC3BAA /* Pods-HJDanmakuDemo.debug.xcconfig */ = {isa = PBXFileReference; includeInIndex = 1; lastKnownFileType = text.xcconfig; name = "Pods-HJDanmakuDemo.debug.xcconfig"; path = "Pods/Target Support Files/Pods-HJDanmakuDemo/Pods-HJDanmakuDemo.debug.xcconfig"; sourceTree = "<group>"; };
		CB5156C33FAEF90500BEB763 /* libPods-HJDanmakuDemo.a */ = {isa = PBXFileReference; explicitFileType = archive.ar; includeInIndex = 0; path = "libPods-HJDanmakuDemo.a"; sourceTree = BUILT_PRODUCTS_DIR; };
/* End PBXFileReference section */

/* Begin PBXFrameworksBuildPhase section */
		A0008C9F1AB19AFC009550D7 /* Frameworks */ = {
			isa = PBXFrameworksBuildPhase;
			buildActionMask = 2147483647;
			files = (
				019E93692A4FE2771C4B4616 /* libPods-HJDanmakuDemo.a in Frameworks */,
			);
			runOnlyForDeploymentPostprocessing = 0;
		};
/* End PBXFrameworksBuildPhase section */

/* Begin PBXGroup section */
		A0008C991AB19AFC009550D7 = {
			isa = PBXGroup;
			children = (
				A0008CA41AB19AFC009550D7 /* HJDanmakuDemo */,
				A0D1A69B1F260B7100B39F2E /* HJDanmaku1 */,
				A0008CA51AB19AFC009550D7 /* Supporting Files */,
				A0008CA31AB19AFC009550D7 /* Products */,
				A03532A51F0E1EC3006C1B61 /* Frameworks */,
				A128DC2A63FC62DBEBB05E2E /* Pods */,
			);
			sourceTree = "<group>";
		};
		A0008CA31AB19AFC009550D7 /* Products */ = {
			isa = PBXGroup;
			children = (
				A0008CA21AB19AFC009550D7 /* HJDanmakuDemo.app */,
			);
			name = Products;
			sourceTree = "<group>";
		};
		A0008CA41AB19AFC009550D7 /* HJDanmakuDemo */ = {
			isa = PBXGroup;
			children = (
				A021F7D31F18C29300448501 /* MenuTableViewController.h */,
				A021F7D41F18C29300448501 /* MenuTableViewController.m */,
				A0F0D85D1F21A92B0091031A /* FirstVersionViewController.h */,
				A0F0D85E1F21A92B0091031A /* FirstVersionViewController.m */,
				A0F0D85F1F21A92B0091031A /* FirstVersionViewController.xib */,
				A021F7CD1F18C0C300448501 /* VideoDemoViewController.h */,
				A021F7CE1F18C0C300448501 /* VideoDemoViewController.m */,
				A0D1A6B61F26280000B39F2E /* VideoDemoViewController.xib */,
				A021F7D61F18C48200448501 /* LiveDemoViewController.h */,
				A021F7D71F18C48200448501 /* LiveDemoViewController.m */,
				A036E6C21F1F7FED00010FFD /* LiveDemoViewController.xib */,
				A081436F1F18C6400088BD95 /* DemoDanmakuModel.h */,
				A08143701F18C6400088BD95 /* DemoDanmakuModel.m */,
				A08143721F18C9C40088BD95 /* DemoDanmakuCell.h */,
				A08143731F18C9C40088BD95 /* DemoDanmakuCell.m */,
			);
			path = HJDanmakuDemo;
			sourceTree = "<group>";
		};
		A0008CA51AB19AFC009550D7 /* Supporting Files */ = {
			isa = PBXGroup;
			children = (
				A0008CA91AB19AFC009550D7 /* AppDelegate.h */,
				A0008CAA1AB19AFC009550D7 /* AppDelegate.m */,
				A0008CDC1AB19E38009550D7 /* danmakufile */,
				A0008CB21AB19AFC009550D7 /* Images.xcassets */,
				A0008CB41AB19AFC009550D7 /* LaunchScreen.xib */,
				A0008CA61AB19AFC009550D7 /* Info.plist */,
				A0008CA71AB19AFC009550D7 /* main.m */,
			);
			name = "Supporting Files";
			path = HJDanmakuDemo;
			sourceTree = "<group>";
		};
		A03532A51F0E1EC3006C1B61 /* Frameworks */ = {
			isa = PBXGroup;
			children = (
				A03532A61F0E1EC4006C1B61 /* UIKit.framework */,
				CB5156C33FAEF90500BEB763 /* libPods-HJDanmakuDemo.a */,
			);
			name = Frameworks;
			sourceTree = "<group>";
		};
		A0D1A69B1F260B7100B39F2E /* HJDanmaku1 */ = {
			isa = PBXGroup;
			children = (
				A0D1A69C1F260B7100B39F2E /* DanmakuBaseModel.h */,
				A0D1A69D1F260B7100B39F2E /* DanmakuBaseModel.m */,
				A0D1A69E1F260B7100B39F2E /* DanmakuFactory.h */,
				A0D1A69F1F260B7100B39F2E /* DanmakuFactory.m */,
				A0D1A6A01F260B7100B39F2E /* DanmakuFilter.h */,
				A0D1A6A11F260B7100B39F2E /* DanmakuFilter.m */,
				A0D1A6A21F260B7100B39F2E /* DanmakuRenderer.h */,
				A0D1A6A31F260B7100B39F2E /* DanmakuRenderer.m */,
				A0D1A6A41F260B7100B39F2E /* DanmakuRetainer.h */,
				A0D1A6A51F260B7100B39F2E /* DanmakuRetainer.m */,
				A0D1A6A61F260B7100B39F2E /* DanmakuTime.h */,
				A0D1A6A71F260B7100B39F2E /* DanmakuTime.m */,
				A0D1A6A81F260B7100B39F2E /* DanmakuView.h */,
				A0D1A6A91F260B7100B39F2E /* DanmakuView.m */,
			);
			path = HJDanmaku1;
			sourceTree = "<group>";
		};
		A128DC2A63FC62DBEBB05E2E /* Pods */ = {
			isa = PBXGroup;
			children = (
				A3076196508C4ABC78FC3BAA /* Pods-HJDanmakuDemo.debug.xcconfig */,
				98B0E2E9F0CB5A3A37788DB8 /* Pods-HJDanmakuDemo.release.xcconfig */,
			);
			name = Pods;
			sourceTree = "<group>";
		};
/* End PBXGroup section */

/* Begin PBXNativeTarget section */
		A0008CA11AB19AFC009550D7 /* HJDanmakuDemo */ = {
			isa = PBXNativeTarget;
			buildConfigurationList = A0008CC51AB19AFC009550D7 /* Build configuration list for PBXNativeTarget "HJDanmakuDemo" */;
			buildPhases = (
				307AA71CC949A46776706955 /* [CP] Check Pods Manifest.lock */,
				A0008C9E1AB19AFC009550D7 /* Sources */,
				A0008C9F1AB19AFC009550D7 /* Frameworks */,
				A0008CA01AB19AFC009550D7 /* Resources */,
				D69B9087D717D76E2189B9B1 /* [CP] Embed Pods Frameworks */,
				68C4D117CA349FF2221A595A /* [CP] Copy Pods Resources */,
			);
			buildRules = (
			);
			dependencies = (
			);
			name = HJDanmakuDemo;
			productName = HJDanmakuDemo;
			productReference = A0008CA21AB19AFC009550D7 /* HJDanmakuDemo.app */;
			productType = "com.apple.product-type.application";
		};
/* End PBXNativeTarget section */

/* Begin PBXProject section */
		A0008C9A1AB19AFC009550D7 /* Project object */ = {
			isa = PBXProject;
			attributes = {
				LastUpgradeCheck = 1140;
				ORGANIZATIONNAME = olinone;
				TargetAttributes = {
					A0008CA11AB19AFC009550D7 = {
						CreatedOnToolsVersion = 6.2;
						DevelopmentTeam = Z3HFL97CNG;
					};
				};
			};
			buildConfigurationList = A0008C9D1AB19AFC009550D7 /* Build configuration list for PBXProject "HJDanmakuDemo" */;
			compatibilityVersion = "Xcode 3.2";
			developmentRegion = en;
			hasScannedForEncodings = 0;
			knownRegions = (
				en,
				Base,
			);
			mainGroup = A0008C991AB19AFC009550D7;
			productRefGroup = A0008CA31AB19AFC009550D7 /* Products */;
			projectDirPath = "";
			projectRoot = "";
			targets = (
				A0008CA11AB19AFC009550D7 /* HJDanmakuDemo */,
			);
		};
/* End PBXProject section */

/* Begin PBXResourcesBuildPhase section */
		A0008CA01AB19AFC009550D7 /* Resources */ = {
			isa = PBXResourcesBuildPhase;
			buildActionMask = 2147483647;
			files = (
				A0008CDD1AB19E38009550D7 /* danmakufile in Resources */,
				A0008CB61AB19AFC009550D7 /* LaunchScreen.xib in Resources */,
				A0008CB31AB19AFC009550D7 /* Images.xcassets in Resources */,
				A0F0D8611F21A92B0091031A /* FirstVersionViewController.xib in Resources */,
				A036E6C31F1F7FEE00010FFD /* LiveDemoViewController.xib in Resources */,
				A0D1A6B71F26280000B39F2E /* VideoDemoViewController.xib in Resources */,
			);
			runOnlyForDeploymentPostprocessing = 0;
		};
/* End PBXResourcesBuildPhase section */

/* Begin PBXShellScriptBuildPhase section */
		307AA71CC949A46776706955 /* [CP] Check Pods Manifest.lock */ = {
			isa = PBXShellScriptBuildPhase;
			buildActionMask = 2147483647;
			files = (
			);
			inputPaths = (
			);
			name = "[CP] Check Pods Manifest.lock";
			outputPaths = (
			);
			runOnlyForDeploymentPostprocessing = 0;
			shellPath = /bin/sh;
			shellScript = "diff \"${PODS_ROOT}/../Podfile.lock\" \"${PODS_ROOT}/Manifest.lock\" > /dev/null\nif [ $? != 0 ] ; then\n    # print error to STDERR\n    echo \"error: The sandbox is not in sync with the Podfile.lock. Run 'pod install' or update your CocoaPods installation.\" >&2\n    exit 1\nfi\n";
			showEnvVarsInLog = 0;
		};
		68C4D117CA349FF2221A595A /* [CP] Copy Pods Resources */ = {
			isa = PBXShellScriptBuildPhase;
			buildActionMask = 2147483647;
			files = (
			);
			inputPaths = (
			);
			name = "[CP] Copy Pods Resources";
			outputPaths = (
			);
			runOnlyForDeploymentPostprocessing = 0;
			shellPath = /bin/sh;
			shellScript = "\"${SRCROOT}/Pods/Target Support Files/Pods-HJDanmakuDemo/Pods-HJDanmakuDemo-resources.sh\"\n";
			showEnvVarsInLog = 0;
		};
		D69B9087D717D76E2189B9B1 /* [CP] Embed Pods Frameworks */ = {
			isa = PBXShellScriptBuildPhase;
			buildActionMask = 2147483647;
			files = (
			);
			inputPaths = (
			);
			name = "[CP] Embed Pods Frameworks";
			outputPaths = (
			);
			runOnlyForDeploymentPostprocessing = 0;
			shellPath = /bin/sh;
			shellScript = "\"${SRCROOT}/Pods/Target Support Files/Pods-HJDanmakuDemo/Pods-HJDanmakuDemo-frameworks.sh\"\n";
			showEnvVarsInLog = 0;
		};
/* End PBXShellScriptBuildPhase section */

/* Begin PBXSourcesBuildPhase section */
		A0008C9E1AB19AFC009550D7 /* Sources */ = {
			isa = PBXSourcesBuildPhase;
			buildActionMask = 2147483647;
			files = (
				A0D1A6AF1F260B7100B39F2E /* DanmakuTime.m in Sources */,
				A08143711F18C6400088BD95 /* DemoDanmakuModel.m in Sources */,
				A0D1A6AB1F260B7100B39F2E /* DanmakuFactory.m in Sources */,
				A0D1A6AD1F260B7100B39F2E /* DanmakuRenderer.m in Sources */,
				A0D1A6AC1F260B7100B39F2E /* DanmakuFilter.m in Sources */,
				A0D1A6AE1F260B7100B39F2E /* DanmakuRetainer.m in Sources */,
				A08143741F18C9C40088BD95 /* DemoDanmakuCell.m in Sources */,
				A0F0D8601F21A92B0091031A /* FirstVersionViewController.m in Sources */,
				A0008CAB1AB19AFC009550D7 /* AppDelegate.m in Sources */,
				A0008CA81AB19AFC009550D7 /* main.m in Sources */,
				A021F7CF1F18C0C300448501 /* VideoDemoViewController.m in Sources */,
				A0D1A6AA1F260B7100B39F2E /* DanmakuBaseModel.m in Sources */,
				A0D1A6B01F260B7100B39F2E /* DanmakuView.m in Sources */,
				A021F7D51F18C29300448501 /* MenuTableViewController.m in Sources */,
				A021F7D81F18C48200448501 /* LiveDemoViewController.m in Sources */,
			);
			runOnlyForDeploymentPostprocessing = 0;
		};
/* End PBXSourcesBuildPhase section */

/* Begin PBXVariantGroup section */
		A0008CB41AB19AFC009550D7 /* LaunchScreen.xib */ = {
			isa = PBXVariantGroup;
			children = (
				A0008CB51AB19AFC009550D7 /* Base */,
			);
			name = LaunchScreen.xib;
			sourceTree = "<group>";
		};
/* End PBXVariantGroup section */

/* Begin XCBuildConfiguration section */
		A0008CC31AB19AFC009550D7 /* Debug */ = {
			isa = XCBuildConfiguration;
			buildSettings = {
				ALWAYS_SEARCH_USER_PATHS = NO;
				CLANG_ANALYZER_LOCALIZABILITY_NONLOCALIZED = YES;
				CLANG_CXX_LANGUAGE_STANDARD = "gnu++0x";
				CLANG_CXX_LIBRARY = "libc++";
				CLANG_ENABLE_MODULES = YES;
				CLANG_ENABLE_OBJC_ARC = YES;
				CLANG_WARN_BLOCK_CAPTURE_AUTORELEASING = YES;
				CLANG_WARN_BOOL_CONVERSION = YES;
				CLANG_WARN_COMMA = YES;
				CLANG_WARN_CONSTANT_CONVERSION = YES;
				CLANG_WARN_DEPRECATED_OBJC_IMPLEMENTATIONS = YES;
				CLANG_WARN_DIRECT_OBJC_ISA_USAGE = YES_ERROR;
				CLANG_WARN_EMPTY_BODY = YES;
				CLANG_WARN_ENUM_CONVERSION = YES;
				CLANG_WARN_INFINITE_RECURSION = YES;
				CLANG_WARN_INT_CONVERSION = YES;
				CLANG_WARN_NON_LITERAL_NULL_CONVERSION = YES;
				CLANG_WARN_OBJC_IMPLICIT_RETAIN_SELF = YES;
				CLANG_WARN_OBJC_LITERAL_CONVERSION = YES;
				CLANG_WARN_OBJC_ROOT_CLASS = YES_ERROR;
				CLANG_WARN_RANGE_LOOP_ANALYSIS = YES;
				CLANG_WARN_STRICT_PROTOTYPES = YES;
				CLANG_WARN_SUSPICIOUS_MOVE = YES;
				CLANG_WARN_UNREACHABLE_CODE = YES;
				CLANG_WARN__DUPLICATE_METHOD_MATCH = YES;
				"CODE_SIGN_IDENTITY[sdk=iphoneos*]" = "iPhone Developer";
				COPY_PHASE_STRIP = NO;
				ENABLE_STRICT_OBJC_MSGSEND = YES;
				ENABLE_TESTABILITY = YES;
				GCC_C_LANGUAGE_STANDARD = gnu99;
				GCC_DYNAMIC_NO_PIC = NO;
				GCC_NO_COMMON_BLOCKS = YES;
				GCC_OPTIMIZATION_LEVEL = 0;
				GCC_PREPROCESSOR_DEFINITIONS = (
					"DEBUG=1",
					"$(inherited)",
				);
				GCC_SYMBOLS_PRIVATE_EXTERN = NO;
				GCC_WARN_64_TO_32_BIT_CONVERSION = YES;
				GCC_WARN_ABOUT_RETURN_TYPE = YES_ERROR;
				GCC_WARN_UNDECLARED_SELECTOR = YES;
				GCC_WARN_UNINITIALIZED_AUTOS = YES_AGGRESSIVE;
				GCC_WARN_UNUSED_FUNCTION = YES;
				GCC_WARN_UNUSED_VARIABLE = YES;
				IPHONEOS_DEPLOYMENT_TARGET = 8.0;
				MTL_ENABLE_DEBUG_INFO = YES;
				ONLY_ACTIVE_ARCH = YES;
				SDKROOT = iphoneos;
			};
			name = Debug;
		};
		A0008CC41AB19AFC009550D7 /* Release */ = {
			isa = XCBuildConfiguration;
			buildSettings = {
				ALWAYS_SEARCH_USER_PATHS = NO;
				CLANG_ANALYZER_LOCALIZABILITY_NONLOCALIZED = YES;
				CLANG_CXX_LANGUAGE_STANDARD = "gnu++0x";
				CLANG_CXX_LIBRARY = "libc++";
				CLANG_ENABLE_MODULES = YES;
				CLANG_ENABLE_OBJC_ARC = YES;
				CLANG_WARN_BLOCK_CAPTURE_AUTORELEASING = YES;
				CLANG_WARN_BOOL_CONVERSION = YES;
				CLANG_WARN_COMMA = YES;
				CLANG_WARN_CONSTANT_CONVERSION = YES;
				CLANG_WARN_DEPRECATED_OBJC_IMPLEMENTATIONS = YES;
				CLANG_WARN_DIRECT_OBJC_ISA_USAGE = YES_ERROR;
				CLANG_WARN_EMPTY_BODY = YES;
				CLANG_WARN_ENUM_CONVERSION = YES;
				CLANG_WARN_INFINITE_RECURSION = YES;
				CLANG_WARN_INT_CONVERSION = YES;
				CLANG_WARN_NON_LITERAL_NULL_CONVERSION = YES;
				CLANG_WARN_OBJC_IMPLICIT_RETAIN_SELF = YES;
				CLANG_WARN_OBJC_LITERAL_CONVERSION = YES;
				CLANG_WARN_OBJC_ROOT_CLASS = YES_ERROR;
				CLANG_WARN_RANGE_LOOP_ANALYSIS = YES;
				CLANG_WARN_STRICT_PROTOTYPES = YES;
				CLANG_WARN_SUSPICIOUS_MOVE = YES;
				CLANG_WARN_UNREACHABLE_CODE = YES;
				CLANG_WARN__DUPLICATE_METHOD_MATCH = YES;
				"CODE_SIGN_IDENTITY[sdk=iphoneos*]" = "iPhone Developer";
				COPY_PHASE_STRIP = NO;
				ENABLE_NS_ASSERTIONS = NO;
				ENABLE_STRICT_OBJC_MSGSEND = YES;
				GCC_C_LANGUAGE_STANDARD = gnu99;
				GCC_NO_COMMON_BLOCKS = YES;
				GCC_WARN_64_TO_32_BIT_CONVERSION = YES;
				GCC_WARN_ABOUT_RETURN_TYPE = YES_ERROR;
				GCC_WARN_UNDECLARED_SELECTOR = YES;
				GCC_WARN_UNINITIALIZED_AUTOS = YES_AGGRESSIVE;
				GCC_WARN_UNUSED_FUNCTION = YES;
				GCC_WARN_UNUSED_VARIABLE = YES;
				IPHONEOS_DEPLOYMENT_TARGET = 8.0;
				MTL_ENABLE_DEBUG_INFO = NO;
				SDKROOT = iphoneos;
				VALIDATE_PRODUCT = YES;
			};
			name = Release;
		};
		A0008CC61AB19AFC009550D7 /* Debug */ = {
			isa = XCBuildConfiguration;
			baseConfigurationReference = A3076196508C4ABC78FC3BAA /* Pods-HJDanmakuDemo.debug.xcconfig */;
			buildSettings = {
				ASSETCATALOG_COMPILER_APPICON_NAME = AppIcon;
				DEVELOPMENT_TEAM = Z3HFL97CNG;
				INFOPLIST_FILE = HJDanmakuDemo/Info.plist;
				LD_RUNPATH_SEARCH_PATHS = "$(inherited) @executable_path/Frameworks";
				LIBRARY_SEARCH_PATHS = (
					"$(inherited)",
					"$(PROJECT_DIR)/HJDanmaku",
				);
				PRODUCT_BUNDLE_IDENTIFIER = com.olinone.danmaku;
				PRODUCT_NAME = "$(TARGET_NAME)";
				PROVISIONING_PROFILE = "";
			};
			name = Debug;
		};
		A0008CC71AB19AFC009550D7 /* Release */ = {
			isa = XCBuildConfiguration;
			baseConfigurationReference = 98B0E2E9F0CB5A3A37788DB8 /* Pods-HJDanmakuDemo.release.xcconfig */;
			buildSettings = {
				ASSETCATALOG_COMPILER_APPICON_NAME = AppIcon;
				DEVELOPMENT_TEAM = Z3HFL97CNG;
				INFOPLIST_FILE = HJDanmakuDemo/Info.plist;
				LD_RUNPATH_SEARCH_PATHS = "$(inherited) @executable_path/Frameworks";
				LIBRARY_SEARCH_PATHS = (
					"$(inherited)",
					"$(PROJECT_DIR)/HJDanmaku",
				);
				PRODUCT_BUNDLE_IDENTIFIER = com.olinone.danmaku;
				PRODUCT_NAME = "$(TARGET_NAME)";
				PROVISIONING_PROFILE = "";
			};
			name = Release;
		};
/* End XCBuildConfiguration section */

/* Begin XCConfigurationList section */
		A0008C9D1AB19AFC009550D7 /* Build configuration list for PBXProject "HJDanmakuDemo" */ = {
			isa = XCConfigurationList;
			buildConfigurations = (
				A0008CC31AB19AFC009550D7 /* Debug */,
				A0008CC41AB19AFC009550D7 /* Release */,
			);
			defaultConfigurationIsVisible = 0;
			defaultConfigurationName = Release;
		};
		A0008CC51AB19AFC009550D7 /* Build configuration list for PBXNativeTarget "HJDanmakuDemo" */ = {
			isa = XCConfigurationList;
			buildConfigurations = (
				A0008CC61AB19AFC009550D7 /* Debug */,
				A0008CC71AB19AFC009550D7 /* Release */,
			);
			defaultConfigurationIsVisible = 0;
			defaultConfigurationName = Release;
		};
/* End XCConfigurationList section */
	};
	rootObject = A0008C9A1AB19AFC009550D7 /* Project object */;
}
